
Microsoft Visual Studio Solution File, Format Version 12.00
Project("{FAE04EC0-301F-11D3-BF4B-00C04F79EFBC}") = "blazor", "blazor\blazor.csproj", "{D771F3DD-407E-44C5-9C1D-5FA80EABF6C1}"
EndProject
Project("{FAE04EC0-301F-11D3-BF4B-00C04F79EFBC}") = "WebApi", "WebApi\WebApi.csproj", "{7CC12C04-2401-42F1-BFC4-5368AB0B05A1}"
EndProject
Project("{FAE04EC0-301F-11D3-BF4B-00C04F79EFBC}") = "EFC", "EFC\EFC.csproj", "{793889B7-CB62-45D6-BD16-FC8FF1FA5F01}"
EndProject
Global
	GlobalSection(SolutionConfigurationPlatforms) = preSolution
		Debug|Any CPU = Debug|Any CPU
		Release|Any CPU = Release|Any CPU
	EndGlobalSection
	GlobalSection(ProjectConfigurationPlatforms) = postSolution
		{D771F3DD-407E-44C5-9C1D-5FA80EABF6C1}.Debug|Any CPU.ActiveCfg = Debug|Any CPU
		{D771F3DD-407E-44C5-9C1D-5FA80EABF6C1}.Debug|Any CPU.Build.0 = Debug|Any CPU
		{D771F3DD-407E-44C5-9C1D-5FA80EABF6C1}.Release|Any CPU.ActiveCfg = Release|Any CPU
		{D771F3DD-407E-44C5-9C1D-5FA80EABF6C1}.Release|Any CPU.Build.0 = Release|Any CPU
		{7CC12C04-2401-42F1-BFC4-5368AB0B05A1}.Debug|Any CPU.ActiveCfg = Debug|Any CPU
		{7CC12C04-2401-42F1-BFC4-5368AB0B05A1}.Debug|Any CPU.Build.0 = Debug|Any CPU
		{7CC12C04-2401-42F1-BFC4-5368AB0B05A1}.Release|Any CPU.ActiveCfg = Release|Any CPU
		{7CC12C04-2401-42F1-BFC4-5368AB0B05A1}.Release|Any CPU.Build.0 = Release|Any CPU
		{793889B7-CB62-45D6-BD16-FC8FF1FA5F01}.Debug|Any CPU.ActiveCfg = Debug|Any CPU
		{793889B7-CB62-45D6-BD16-FC8FF1FA5F01}.Debug|Any CPU.Build.0 = Debug|Any CPU
		{793889B7-CB62-45D6-BD16-FC8FF1FA5F01}.Release|Any CPU.ActiveCfg = Release|Any CPU
		{793889B7-CB62-45D6-BD16-FC8FF1FA5F01}.Release|Any CPU.Build.0 = Release|Any CPU
	EndGlobalSection
EndGlobal
